
Microsoft Visual Studio Solution File, Format Version 11.00
# Visual Studio 2010
Project("{FAE04EC0-301F-11D3-BF4B-00C04F79EFBC}") = "Randomizer", "Randomizer\Randomizer.csproj", "{0394C9C8-CF71-463E-9B42-7C065AEF04A0}"
EndProject
Global
	GlobalSection(SolutionConfigurationPlatforms) = preSolution
		Debug|Any CPU = Debug|Any CPU
		Release|Any CPU = Release|Any CPU
	EndGlobalSection
	GlobalSection(ProjectConfigurationPlatforms) = postSolution
		{0394C9C8-CF71-463E-9B42-7C065AEF04A0}.Debug|Any CPU.ActiveCfg = Debug|Any CPU
		{0394C9C8-CF71-463E-9B42-7C065AEF04A0}.Debug|Any CPU.Build.0 = Debug|Any CPU
		{0394C9C8-CF71-463E-9B42-7C065AEF04A0}.Release|Any CPU.ActiveCfg = Release|Any CPU
		{0394C9C8-CF71-463E-9B42-7C065AEF04A0}.Release|Any CPU.Build.0 = Release|Any CPU
	EndGlobalSection
	GlobalSection(MonoDevelopProperties) = preSolution
		StartupItem = Randomizer\Randomizer.csproj
	EndGlobalSection
EndGlobal
